
Microsoft Visual Studio Solution File, Format Version 12.00
# Visual Studio Version 16
VisualStudioVersion = 16.0.30104.148
MinimumVisualStudioVersion = 10.0.40219.1
Project("{FAE04EC0-301F-11D3-BF4B-00C04F79EFBC}") = "SyberryTask", "SyberryTask\SyberryTask.csproj", "{DE9E3FC7-DB54-4B13-8937-9A5949AE54C8}"
EndProject
Project("{FAE04EC0-301F-11D3-BF4B-00C04F79EFBC}") = "SyberryTask.DL", "SyberryTask.DL\SyberryTask.DL.csproj", "{D9619D10-0845-4916-AF94-C57CC5248D51}"
EndProject
Project("{FAE04EC0-301F-11D3-BF4B-00C04F79EFBC}") = "SyberryTask.Logic", "SyberryTask.Logic\SyberryTask.Logic.csproj", "{354EBCC2-28DE-4FF1-96DF-49CC434479B1}"
EndProject
Global
	GlobalSection(SolutionConfigurationPlatforms) = preSolution
		Debug|Any CPU = Debug|Any CPU
		Release|Any CPU = Release|Any CPU
	EndGlobalSection
	GlobalSection(ProjectConfigurationPlatforms) = postSolution
		{DE9E3FC7-DB54-4B13-8937-9A5949AE54C8}.Debug|Any CPU.ActiveCfg = Debug|Any CPU
		{DE9E3FC7-DB54-4B13-8937-9A5949AE54C8}.Debug|Any CPU.Build.0 = Debug|Any CPU
		{DE9E3FC7-DB54-4B13-8937-9A5949AE54C8}.Release|Any CPU.ActiveCfg = Release|Any CPU
		{DE9E3FC7-DB54-4B13-8937-9A5949AE54C8}.Release|Any CPU.Build.0 = Release|Any CPU
		{D9619D10-0845-4916-AF94-C57CC5248D51}.Debug|Any CPU.ActiveCfg = Debug|Any CPU
		{D9619D10-0845-4916-AF94-C57CC5248D51}.Debug|Any CPU.Build.0 = Debug|Any CPU
		{D9619D10-0845-4916-AF94-C57CC5248D51}.Release|Any CPU.ActiveCfg = Release|Any CPU
		{D9619D10-0845-4916-AF94-C57CC5248D51}.Release|Any CPU.Build.0 = Release|Any CPU
		{354EBCC2-28DE-4FF1-96DF-49CC434479B1}.Debug|Any CPU.ActiveCfg = Debug|Any CPU
		{354EBCC2-28DE-4FF1-96DF-49CC434479B1}.Debug|Any CPU.Build.0 = Debug|Any CPU
		{354EBCC2-28DE-4FF1-96DF-49CC434479B1}.Release|Any CPU.ActiveCfg = Release|Any CPU
		{354EBCC2-28DE-4FF1-96DF-49CC434479B1}.Release|Any CPU.Build.0 = Release|Any CPU
	EndGlobalSection
	GlobalSection(SolutionProperties) = preSolution
		HideSolutionNode = FALSE
	EndGlobalSection
	GlobalSection(ExtensibilityGlobals) = postSolution
		SolutionGuid = {B745DD63-C51E-4000-BF84-B6BB4ADB7EC9}
	EndGlobalSection
EndGlobal
